{
    "name": "coronacoin",
    "version": "1.0.1",
    "lockfileVersion": 3,
    "requires": true,
    "packages": {
        "": {
            "name": "coronacoin",
            "version": "1.0.1",
            "license": "MIT",
            "dependencies": {
                "@vkontakte/vk-bridge": "^2.13.0"
            }
        },
        "node_modules/@vkontakte/vk-bridge": {
            "version": "2.13.0",
            "resolved": "https://registry.npmjs.org/@vkontakte/vk-bridge/-/vk-bridge-2.13.0.tgz",
            "integrity": "sha512-fACaGwJ1RUXR7E6EVZhQyR5fmfQdoiAALOl7S+1lpwd9j2omqRyOC/p4zxZPFiufBGF3GH9dF9TdNbTpXMB2/A=="
        }
    }
}
